// !$*UTF8*$!
{
	archiveVersion = 1;
	classes = {
	};
	objectVersion = 56;
	objects = {

/* Begin PBXBuildFile section */
		1CB591C42A72AB3B0006E4DA /* AppDelegate.swift in Sources */ = {isa = PBXBuildFile; fileRef = 1CB591C32A72AB3B0006E4DA /* AppDelegate.swift */; };
		1CB591C62A72AB3B0006E4DA /* SceneDelegate.swift in Sources */ = {isa = PBXBuildFile; fileRef = 1CB591C52A72AB3B0006E4DA /* SceneDelegate.swift */; };
		1CB591C82A72AB3B0006E4DA /* MainTabbarViewController.swift in Sources */ = {isa = PBXBuildFile; fileRef = 1CB591C72A72AB3B0006E4DA /* MainTabbarViewController.swift */; };
		1CB591CD2A72AB3C0006E4DA /* Assets.xcassets in Resources */ = {isa = PBXBuildFile; fileRef = 1CB591CC2A72AB3C0006E4DA /* Assets.xcassets */; };
		1CB591D02A72AB3C0006E4DA /* LaunchScreen.storyboard in Resources */ = {isa = PBXBuildFile; fileRef = 1CB591CE2A72AB3C0006E4DA /* LaunchScreen.storyboard */; };
		1CB591DA2A72B2D70006E4DA /* HomeViewController.swift in Sources */ = {isa = PBXBuildFile; fileRef = 1CB591D92A72B2D70006E4DA /* HomeViewController.swift */; };
		1CB591DC2A72B2E30006E4DA /* SearchViewController.swift in Sources */ = {isa = PBXBuildFile; fileRef = 1CB591DB2A72B2E30006E4DA /* SearchViewController.swift */; };
		1CB591DE2A72B2ED0006E4DA /* NotificationViewController.swift in Sources */ = {isa = PBXBuildFile; fileRef = 1CB591DD2A72B2ED0006E4DA /* NotificationViewController.swift */; };
		1CB591E02A72B2FB0006E4DA /* DirectMessagesViewController.swift in Sources */ = {isa = PBXBuildFile; fileRef = 1CB591DF2A72B2FB0006E4DA /* DirectMessagesViewController.swift */; };
		1CB591E32A72B9350006E4DA /* TweetTableViewCell.swift in Sources */ = {isa = PBXBuildFile; fileRef = 1CB591E22A72B9350006E4DA /* TweetTableViewCell.swift */; };
/* End PBXBuildFile section */

/* Begin PBXFileReference section */
		1CB591C02A72AB3B0006E4DA /* TwitterClone.app */ = {isa = PBXFileReference; explicitFileType = wrapper.application; includeInIndex = 0; path = TwitterClone.app; sourceTree = BUILT_PRODUCTS_DIR; };
		1CB591C32A72AB3B0006E4DA /* AppDelegate.swift */ = {isa = PBXFileReference; lastKnownFileType = sourcecode.swift; path = AppDelegate.swift; sourceTree = "<group>"; };
		1CB591C52A72AB3B0006E4DA /* SceneDelegate.swift */ = {isa = PBXFileReference; lastKnownFileType = sourcecode.swift; path = SceneDelegate.swift; sourceTree = "<group>"; };
		1CB591C72A72AB3B0006E4DA /* MainTabbarViewController.swift */ = {isa = PBXFileReference; lastKnownFileType = sourcecode.swift; path = MainTabbarViewController.swift; sourceTree = "<group>"; };
		1CB591CC2A72AB3C0006E4DA /* Assets.xcassets */ = {isa = PBXFileReference; lastKnownFileType = folder.assetcatalog; path = Assets.xcassets; sourceTree = "<group>"; };
		1CB591CF2A72AB3C0006E4DA /* Base */ = {isa = PBXFileReference; lastKnownFileType = file.storyboard; name = Base; path = Base.lproj/LaunchScreen.storyboard; sourceTree = "<group>"; };
		1CB591D12A72AB3C0006E4DA /* Info.plist */ = {isa = PBXFileReference; lastKnownFileType = text.plist.xml; path = Info.plist; sourceTree = "<group>"; };
		1CB591D92A72B2D70006E4DA /* HomeViewController.swift */ = {isa = PBXFileReference; lastKnownFileType = sourcecode.swift; path = HomeViewController.swift; sourceTree = "<group>"; };
		1CB591DB2A72B2E30006E4DA /* SearchViewController.swift */ = {isa = PBXFileReference; lastKnownFileType = sourcecode.swift; path = SearchViewController.swift; sourceTree = "<group>"; };
		1CB591DD2A72B2ED0006E4DA /* NotificationViewController.swift */ = {isa = PBXFileReference; lastKnownFileType = sourcecode.swift; path = NotificationViewController.swift; sourceTree = "<group>"; };
		1CB591DF2A72B2FB0006E4DA /* DirectMessagesViewController.swift */ = {isa = PBXFileReference; lastKnownFileType = sourcecode.swift; path = DirectMessagesViewController.swift; sourceTree = "<group>"; };
		1CB591E22A72B9350006E4DA /* TweetTableViewCell.swift */ = {isa = PBXFileReference; lastKnownFileType = sourcecode.swift; path = TweetTableViewCell.swift; sourceTree = "<group>"; };
/* End PBXFileReference section */

/* Begin PBXFrameworksBuildPhase section */
		1CB591BD2A72AB3B0006E4DA /* Frameworks */ = {
			isa = PBXFrameworksBuildPhase;
			buildActionMask = 2147483647;
			files = (
			);
			runOnlyForDeploymentPostprocessing = 0;
		};
/* End PBXFrameworksBuildPhase section */

/* Begin PBXGroup section */
		1CB591B72A72AB3B0006E4DA = {
			isa = PBXGroup;
			children = (
				1CB591C22A72AB3B0006E4DA /* TwitterClone */,
				1CB591C12A72AB3B0006E4DA /* Products */,
			);
			sourceTree = "<group>";
		};
		1CB591C12A72AB3B0006E4DA /* Products */ = {
			isa = PBXGroup;
			children = (
				1CB591C02A72AB3B0006E4DA /* TwitterClone.app */,
			);
			name = Products;
			sourceTree = "<group>";
		};
		1CB591C22A72AB3B0006E4DA /* TwitterClone */ = {
			isa = PBXGroup;
			children = (
				1CB591E12A72B85D0006E4DA /* Views */,
				1CB591D72A72B2A10006E4DA /* Controllers */,
				1CB591C32A72AB3B0006E4DA /* AppDelegate.swift */,
				1CB591C52A72AB3B0006E4DA /* SceneDelegate.swift */,
				1CB591CC2A72AB3C0006E4DA /* Assets.xcassets */,
				1CB591CE2A72AB3C0006E4DA /* LaunchScreen.storyboard */,
				1CB591D12A72AB3C0006E4DA /* Info.plist */,
			);
			path = TwitterClone;
			sourceTree = "<group>";
		};
		1CB591D72A72B2A10006E4DA /* Controllers */ = {
			isa = PBXGroup;
			children = (
				1CB591D82A72B2AA0006E4DA /* Core */,
			);
			path = Controllers;
			sourceTree = "<group>";
		};
		1CB591D82A72B2AA0006E4DA /* Core */ = {
			isa = PBXGroup;
			children = (
				1CB591C72A72AB3B0006E4DA /* MainTabbarViewController.swift */,
				1CB591D92A72B2D70006E4DA /* HomeViewController.swift */,
				1CB591DB2A72B2E30006E4DA /* SearchViewController.swift */,
				1CB591DD2A72B2ED0006E4DA /* NotificationViewController.swift */,
				1CB591DF2A72B2FB0006E4DA /* DirectMessagesViewController.swift */,
			);
			path = Core;
			sourceTree = "<group>";
		};
		1CB591E12A72B85D0006E4DA /* Views */ = {
			isa = PBXGroup;
			children = (
				1CB591E22A72B9350006E4DA /* TweetTableViewCell.swift */,
			);
			path = Views;
			sourceTree = "<group>";
		};
/* End PBXGroup section */

/* Begin PBXNativeTarget section */
		1CB591BF2A72AB3B0006E4DA /* TwitterClone */ = {
			isa = PBXNativeTarget;
			buildConfigurationList = 1CB591D42A72AB3C0006E4DA /* Build configuration list for PBXNativeTarget "TwitterClone" */;
			buildPhases = (
				1CB591BC2A72AB3B0006E4DA /* Sources */,
				1CB591BD2A72AB3B0006E4DA /* Frameworks */,
				1CB591BE2A72AB3B0006E4DA /* Resources */,
			);
			buildRules = (
			);
			dependencies = (
			);
			name = TwitterClone;
			productName = TwitterClone;
			productReference = 1CB591C02A72AB3B0006E4DA /* TwitterClone.app */;
			productType = "com.apple.product-type.application";
		};
/* End PBXNativeTarget section */

/* Begin PBXProject section */
		1CB591B82A72AB3B0006E4DA /* Project object */ = {
			isa = PBXProject;
			attributes = {
				BuildIndependentTargetsInParallel = 1;
				LastSwiftUpdateCheck = 1430;
				LastUpgradeCheck = 1430;
				TargetAttributes = {
					1CB591BF2A72AB3B0006E4DA = {
						CreatedOnToolsVersion = 14.3.1;
					};
				};
			};
			buildConfigurationList = 1CB591BB2A72AB3B0006E4DA /* Build configuration list for PBXProject "TwitterClone" */;
			compatibilityVersion = "Xcode 14.0";
			developmentRegion = en;
			hasScannedForEncodings = 0;
			knownRegions = (
				en,
				Base,
			);
			mainGroup = 1CB591B72A72AB3B0006E4DA;
			productRefGroup = 1CB591C12A72AB3B0006E4DA /* Products */;
			projectDirPath = "";
			projectRoot = "";
			targets = (
				1CB591BF2A72AB3B0006E4DA /* TwitterClone */,
			);
		};
/* End PBXProject section */

/* Begin PBXResourcesBuildPhase section */
		1CB591BE2A72AB3B0006E4DA /* Resources */ = {
			isa = PBXResourcesBuildPhase;
			buildActionMask = 2147483647;
			files = (
				1CB591D02A72AB3C0006E4DA /* LaunchScreen.storyboard in Resources */,
				1CB591CD2A72AB3C0006E4DA /* Assets.xcassets in Resources */,
			);
			runOnlyForDeploymentPostprocessing = 0;
		};
/* End PBXResourcesBuildPhase section */

/* Begin PBXSourcesBuildPhase section */
		1CB591BC2A72AB3B0006E4DA /* Sources */ = {
			isa = PBXSourcesBuildPhase;
			buildActionMask = 2147483647;
			files = (
				1CB591DC2A72B2E30006E4DA /* SearchViewController.swift in Sources */,
				1CB591C82A72AB3B0006E4DA /* MainTabbarViewController.swift in Sources */,
				1CB591DE2A72B2ED0006E4DA /* NotificationViewController.swift in Sources */,
				1CB591C42A72AB3B0006E4DA /* AppDelegate.swift in Sources */,
				1CB591C62A72AB3B0006E4DA /* SceneDelegate.swift in Sources */,
				1CB591DA2A72B2D70006E4DA /* HomeViewController.swift in Sources */,
				1CB591E02A72B2FB0006E4DA /* DirectMessagesViewController.swift in Sources */,
				1CB591E32A72B9350006E4DA /* TweetTableViewCell.swift in Sources */,
			);
			runOnlyForDeploymentPostprocessing = 0;
		};
/* End PBXSourcesBuildPhase section */

/* Begin PBXVariantGroup section */
		1CB591CE2A72AB3C0006E4DA /* LaunchScreen.storyboard */ = {
			isa = PBXVariantGroup;
			children = (
				1CB591CF2A72AB3C0006E4DA /* Base */,
			);
			name = LaunchScreen.storyboard;
			sourceTree = "<group>";
		};
/* End PBXVariantGroup section */

/* Begin XCBuildConfiguration section */
		1CB591D22A72AB3C0006E4DA /* Debug */ = {
			isa = XCBuildConfiguration;
			buildSettings = {
				ALWAYS_SEARCH_USER_PATHS = NO;
				CLANG_ANALYZER_NONNULL = YES;
				CLANG_ANALYZER_NUMBER_OBJECT_CONVERSION = YES_AGGRESSIVE;
				CLANG_CXX_LANGUAGE_STANDARD = "gnu++20";
				CLANG_ENABLE_MODULES = YES;
				CLANG_ENABLE_OBJC_ARC = YES;
				CLANG_ENABLE_OBJC_WEAK = YES;
				CLANG_WARN_BLOCK_CAPTURE_AUTORELEASING = YES;
				CLANG_WARN_BOOL_CONVERSION = YES;
				CLANG_WARN_COMMA = YES;
				CLANG_WARN_CONSTANT_CONVERSION = YES;
				CLANG_WARN_DEPRECATED_OBJC_IMPLEMENTATIONS = YES;
				CLANG_WARN_DIRECT_OBJC_ISA_USAGE = YES_ERROR;
				CLANG_WARN_DOCUMENTATION_COMMENTS = YES;
				CLANG_WARN_EMPTY_BODY = YES;
				CLANG_WARN_ENUM_CONVERSION = YES;
				CLANG_WARN_INFINITE_RECURSION = YES;
				CLANG_WARN_INT_CONVERSION = YES;
				CLANG_WARN_NON_LITERAL_NULL_CONVERSION = YES;
				CLANG_WARN_OBJC_IMPLICIT_RETAIN_SELF = YES;
				CLANG_WARN_OBJC_LITERAL_CONVERSION = YES;
				CLANG_WARN_OBJC_ROOT_CLASS = YES_ERROR;
				CLANG_WARN_QUOTED_INCLUDE_IN_FRAMEWORK_HEADER = YES;
				CLANG_WARN_RANGE_LOOP_ANALYSIS = YES;
				CLANG_WARN_STRICT_PROTOTYPES = YES;
				CLANG_WARN_SUSPICIOUS_MOVE = YES;
				CLANG_WARN_UNGUARDED_AVAILABILITY = YES_AGGRESSIVE;
				CLANG_WARN_UNREACHABLE_CODE = YES;
				CLANG_WARN__DUPLICATE_METHOD_MATCH = YES;
				COPY_PHASE_STRIP = NO;
				DEBUG_INFORMATION_FORMAT = dwarf;
				ENABLE_STRICT_OBJC_MSGSEND = YES;
				ENABLE_TESTABILITY = YES;
				GCC_C_LANGUAGE_STANDARD = gnu11;
				GCC_DYNAMIC_NO_PIC = NO;
				GCC_NO_COMMON_BLOCKS = YES;
				GCC_OPTIMIZATION_LEVEL = 0;
				GCC_PREPROCESSOR_DEFINITIONS = (
					"DEBUG=1",
					"$(inherited)",
				);
				GCC_WARN_64_TO_32_BIT_CONVERSION = YES;
				GCC_WARN_ABOUT_RETURN_TYPE = YES_ERROR;
				GCC_WARN_UNDECLARED_SELECTOR = YES;
				GCC_WARN_UNINITIALIZED_AUTOS = YES_AGGRESSIVE;
				GCC_WARN_UNUSED_FUNCTION = YES;
				GCC_WARN_UNUSED_VARIABLE = YES;
				IPHONEOS_DEPLOYMENT_TARGET = 16.4;
				MTL_ENABLE_DEBUG_INFO = INCLUDE_SOURCE;
				MTL_FAST_MATH = YES;
				ONLY_ACTIVE_ARCH = YES;
				SDKROOT = iphoneos;
				SWIFT_ACTIVE_COMPILATION_CONDITIONS = DEBUG;
				SWIFT_OPTIMIZATION_LEVEL = "-Onone";
			};
			name = Debug;
		};
		1CB591D32A72AB3C0006E4DA /* Release */ = {
			isa = XCBuildConfiguration;
			buildSettings = {
				ALWAYS_SEARCH_USER_PATHS = NO;
				CLANG_ANALYZER_NONNULL = YES;
				CLANG_ANALYZER_NUMBER_OBJECT_CONVERSION = YES_AGGRESSIVE;
				CLANG_CXX_LANGUAGE_STANDARD = "gnu++20";
				CLANG_ENABLE_MODULES = YES;
				CLANG_ENABLE_OBJC_ARC = YES;
				CLANG_ENABLE_OBJC_WEAK = YES;
				CLANG_WARN_BLOCK_CAPTURE_AUTORELEASING = YES;
				CLANG_WARN_BOOL_CONVERSION = YES;
				CLANG_WARN_COMMA = YES;
				CLANG_WARN_CONSTANT_CONVERSION = YES;
				CLANG_WARN_DEPRECATED_OBJC_IMPLEMENTATIONS = YES;
				CLANG_WARN_DIRECT_OBJC_ISA_USAGE = YES_ERROR;
				CLANG_WARN_DOCUMENTATION_COMMENTS = YES;
				CLANG_WARN_EMPTY_BODY = YES;
				CLANG_WARN_ENUM_CONVERSION = YES;
				CLANG_WARN_INFINITE_RECURSION = YES;
				CLANG_WARN_INT_CONVERSION = YES;
				CLANG_WARN_NON_LITERAL_NULL_CONVERSION = YES;
				CLANG_WARN_OBJC_IMPLICIT_RETAIN_SELF = YES;
				CLANG_WARN_OBJC_LITERAL_CONVERSION = YES;
				CLANG_WARN_OBJC_ROOT_CLASS = YES_ERROR;
				CLANG_WARN_QUOTED_INCLUDE_IN_FRAMEWORK_HEADER = YES;
				CLANG_WARN_RANGE_LOOP_ANALYSIS = YES;
				CLANG_WARN_STRICT_PROTOTYPES = YES;
				CLANG_WARN_SUSPICIOUS_MOVE = YES;
				CLANG_WARN_UNGUARDED_AVAILABILITY = YES_AGGRESSIVE;
				CLANG_WARN_UNREACHABLE_CODE = YES;
				CLANG_WARN__DUPLICATE_METHOD_MATCH = YES;
				COPY_PHASE_STRIP = NO;
				DEBUG_INFORMATION_FORMAT = "dwarf-with-dsym";
				ENABLE_NS_ASSERTIONS = NO;
				ENABLE_STRICT_OBJC_MSGSEND = YES;
				GCC_C_LANGUAGE_STANDARD = gnu11;
				GCC_NO_COMMON_BLOCKS = YES;
				GCC_WARN_64_TO_32_BIT_CONVERSION = YES;
				GCC_WARN_ABOUT_RETURN_TYPE = YES_ERROR;
				GCC_WARN_UNDECLARED_SELECTOR = YES;
				GCC_WARN_UNINITIALIZED_AUTOS = YES_AGGRESSIVE;
				GCC_WARN_UNUSED_FUNCTION = YES;
				GCC_WARN_UNUSED_VARIABLE = YES;
				IPHONEOS_DEPLOYMENT_TARGET = 16.4;
				MTL_ENABLE_DEBUG_INFO = NO;
				MTL_FAST_MATH = YES;
				SDKROOT = iphoneos;
				SWIFT_COMPILATION_MODE = wholemodule;
				SWIFT_OPTIMIZATION_LEVEL = "-O";
				VALIDATE_PRODUCT = YES;
			};
			name = Release;
		};
		1CB591D52A72AB3C0006E4DA /* Debug */ = {
			isa = XCBuildConfiguration;
			buildSettings = {
				ASSETCATALOG_COMPILER_APPICON_NAME = AppIcon;
				ASSETCATALOG_COMPILER_GLOBAL_ACCENT_COLOR_NAME = AccentColor;
				CODE_SIGN_STYLE = Automatic;
				CURRENT_PROJECT_VERSION = 1;
				DEVELOPMENT_TEAM = 54M6VWH583;
				GENERATE_INFOPLIST_FILE = YES;
				INFOPLIST_FILE = TwitterClone/Info.plist;
				INFOPLIST_KEY_UIApplicationSupportsIndirectInputEvents = YES;
				INFOPLIST_KEY_UILaunchStoryboardName = LaunchScreen;
				INFOPLIST_KEY_UISupportedInterfaceOrientations_iPad = "UIInterfaceOrientationPortrait UIInterfaceOrientationPortraitUpsideDown UIInterfaceOrientationLandscapeLeft UIInterfaceOrientationLandscapeRight";
				INFOPLIST_KEY_UISupportedInterfaceOrientations_iPhone = "UIInterfaceOrientationPortrait UIInterfaceOrientationLandscapeLeft UIInterfaceOrientationLandscapeRight";
				LD_RUNPATH_SEARCH_PATHS = (
					"$(inherited)",
					"@executable_path/Frameworks",
				);
				MARKETING_VERSION = 1.0;
				PRODUCT_BUNDLE_IDENTIFIER = com.ahmethakan.TwitterClone;
				PRODUCT_NAME = "$(TARGET_NAME)";
				SWIFT_EMIT_LOC_STRINGS = YES;
				SWIFT_VERSION = 5.0;
				TARGETED_DEVICE_FAMILY = "1,2";
			};
			name = Debug;
		};
		1CB591D62A72AB3C0006E4DA /* Release */ = {
			isa = XCBuildConfiguration;
			buildSettings = {
				ASSETCATALOG_COMPILER_APPICON_NAME = AppIcon;
				ASSETCATALOG_COMPILER_GLOBAL_ACCENT_COLOR_NAME = AccentColor;
				CODE_SIGN_STYLE = Automatic;
				CURRENT_PROJECT_VERSION = 1;
				DEVELOPMENT_TEAM = 54M6VWH583;
				GENERATE_INFOPLIST_FILE = YES;
				INFOPLIST_FILE = TwitterClone/Info.plist;
				INFOPLIST_KEY_UIApplicationSupportsIndirectInputEvents = YES;
				INFOPLIST_KEY_UILaunchStoryboardName = LaunchScreen;
				INFOPLIST_KEY_UISupportedInterfaceOrientations_iPad = "UIInterfaceOrientationPortrait UIInterfaceOrientationPortraitUpsideDown UIInterfaceOrientationLandscapeLeft UIInterfaceOrientationLandscapeRight";
				INFOPLIST_KEY_UISupportedInterfaceOrientations_iPhone = "UIInterfaceOrientationPortrait UIInterfaceOrientationLandscapeLeft UIInterfaceOrientationLandscapeRight";
				LD_RUNPATH_SEARCH_PATHS = (
					"$(inherited)",
					"@executable_path/Frameworks",
				);
				MARKETING_VERSION = 1.0;
				PRODUCT_BUNDLE_IDENTIFIER = com.ahmethakan.TwitterClone;
				PRODUCT_NAME = "$(TARGET_NAME)";
				SWIFT_EMIT_LOC_STRINGS = YES;
				SWIFT_VERSION = 5.0;
				TARGETED_DEVICE_FAMILY = "1,2";
			};
			name = Release;
		};
/* End XCBuildConfiguration section */

/* Begin XCConfigurationList section */
		1CB591BB2A72AB3B0006E4DA /* Build configuration list for PBXProject "TwitterClone" */ = {
			isa = XCConfigurationList;
			buildConfigurations = (
				1CB591D22A72AB3C0006E4DA /* Debug */,
				1CB591D32A72AB3C0006E4DA /* Release */,
			);
			defaultConfigurationIsVisible = 0;
			defaultConfigurationName = Release;
		};
		1CB591D42A72AB3C0006E4DA /* Build configuration list for PBXNativeTarget "TwitterClone" */ = {
			isa = XCConfigurationList;
			buildConfigurations = (
				1CB591D52A72AB3C0006E4DA /* Debug */,
				1CB591D62A72AB3C0006E4DA /* Release */,
			);
			defaultConfigurationIsVisible = 0;
			defaultConfigurationName = Release;
		};
/* End XCConfigurationList section */
	};
	rootObject = 1CB591B82A72AB3B0006E4DA /* Project object */;
}
